
Microsoft Visual Studio Solution File, Format Version 12.00
# Visual Studio Version 17
VisualStudioVersion = 17.3.32929.385
MinimumVisualStudioVersion = 10.0.40219.1
Project("{9A19103F-16F7-4668-BE54-9A1E7A4F7556}") = "ClientSide", "ChatikSDavidom\ClientSide.csproj", "{2BD777CB-E1D0-4F84-9CCE-58307DF34AA5}"
	ProjectSection(ProjectDependencies) = postProject
		{A59DFD8D-62B3-4D23-AD3F-455590F44995} = {A59DFD8D-62B3-4D23-AD3F-455590F44995}
	EndProjectSection
EndProject
Project("{FAE04EC0-301F-11D3-BF4B-00C04F79EFBC}") = "Common", "ProjectSettings\Common.csproj", "{A59DFD8D-62B3-4D23-AD3F-455590F44995}"
EndProject
Project("{FAE04EC0-301F-11D3-BF4B-00C04F79EFBC}") = "ServerSide", "ServerSide\ServerSide.csproj", "{5EABA00E-6DFD-4A35-AD32-D19134404A01}"
EndProject
Global
	GlobalSection(SolutionConfigurationPlatforms) = preSolution
		Debug|Any CPU = Debug|Any CPU
		Release|Any CPU = Release|Any CPU
	EndGlobalSection
	GlobalSection(ProjectConfigurationPlatforms) = postSolution
		{2BD777CB-E1D0-4F84-9CCE-58307DF34AA5}.Debug|Any CPU.ActiveCfg = Debug|Any CPU
		{2BD777CB-E1D0-4F84-9CCE-58307DF34AA5}.Debug|Any CPU.Build.0 = Debug|Any CPU
		{2BD777CB-E1D0-4F84-9CCE-58307DF34AA5}.Release|Any CPU.ActiveCfg = Release|Any CPU
		{2BD777CB-E1D0-4F84-9CCE-58307DF34AA5}.Release|Any CPU.Build.0 = Release|Any CPU
		{A59DFD8D-62B3-4D23-AD3F-455590F44995}.Debug|Any CPU.ActiveCfg = Debug|Any CPU
		{A59DFD8D-62B3-4D23-AD3F-455590F44995}.Debug|Any CPU.Build.0 = Debug|Any CPU
		{A59DFD8D-62B3-4D23-AD3F-455590F44995}.Release|Any CPU.ActiveCfg = Release|Any CPU
		{A59DFD8D-62B3-4D23-AD3F-455590F44995}.Release|Any CPU.Build.0 = Release|Any CPU
		{5EABA00E-6DFD-4A35-AD32-D19134404A01}.Debug|Any CPU.ActiveCfg = Debug|Any CPU
		{5EABA00E-6DFD-4A35-AD32-D19134404A01}.Debug|Any CPU.Build.0 = Debug|Any CPU
		{5EABA00E-6DFD-4A35-AD32-D19134404A01}.Release|Any CPU.ActiveCfg = Release|Any CPU
		{5EABA00E-6DFD-4A35-AD32-D19134404A01}.Release|Any CPU.Build.0 = Release|Any CPU
	EndGlobalSection
	GlobalSection(SolutionProperties) = preSolution
		HideSolutionNode = FALSE
	EndGlobalSection
	GlobalSection(ExtensibilityGlobals) = postSolution
		SolutionGuid = {EE38CCE9-0A9B-4A95-AF7B-5FA6283AADDE}
	EndGlobalSection
EndGlobal
