
Microsoft Visual Studio Solution File, Format Version 12.00
# Visual Studio Version 17
VisualStudioVersion = 17.3.32929.385
MinimumVisualStudioVersion = 10.0.40219.1
Project("{9A19103F-16F7-4668-BE54-9A1E7A4F7556}") = "ServerSide", "ServerSide\ServerSide.csproj", "{5EABA00E-6DFD-4A35-AD32-D19134404A01}"
	ProjectSection(ProjectDependencies) = postProject
		{58FF08E6-B494-467E-9D08-DBAD23468EDA} = {58FF08E6-B494-467E-9D08-DBAD23468EDA}
	EndProjectSection
EndProject
Project("{9A19103F-16F7-4668-BE54-9A1E7A4F7556}") = "ClientSide", "ClientSide\ClientSide.csproj", "{FD889319-DDF0-48E6-B500-51E9882AC23A}"
	ProjectSection(ProjectDependencies) = postProject
		{58FF08E6-B494-467E-9D08-DBAD23468EDA} = {58FF08E6-B494-467E-9D08-DBAD23468EDA}
	EndProjectSection
EndProject
Project("{9A19103F-16F7-4668-BE54-9A1E7A4F7556}") = "Common", "Common\Common.csproj", "{58FF08E6-B494-467E-9D08-DBAD23468EDA}"
EndProject
Global
	GlobalSection(SolutionConfigurationPlatforms) = preSolution
		Debug|Any CPU = Debug|Any CPU
		Release|Any CPU = Release|Any CPU
	EndGlobalSection
	GlobalSection(ProjectConfigurationPlatforms) = postSolution
		{5EABA00E-6DFD-4A35-AD32-D19134404A01}.Debug|Any CPU.ActiveCfg = Debug|Any CPU
		{5EABA00E-6DFD-4A35-AD32-D19134404A01}.Debug|Any CPU.Build.0 = Debug|Any CPU
		{5EABA00E-6DFD-4A35-AD32-D19134404A01}.Release|Any CPU.ActiveCfg = Release|Any CPU
		{5EABA00E-6DFD-4A35-AD32-D19134404A01}.Release|Any CPU.Build.0 = Release|Any CPU
		{FD889319-DDF0-48E6-B500-51E9882AC23A}.Debug|Any CPU.ActiveCfg = Debug|Any CPU
		{FD889319-DDF0-48E6-B500-51E9882AC23A}.Debug|Any CPU.Build.0 = Debug|Any CPU
		{FD889319-DDF0-48E6-B500-51E9882AC23A}.Release|Any CPU.ActiveCfg = Release|Any CPU
		{FD889319-DDF0-48E6-B500-51E9882AC23A}.Release|Any CPU.Build.0 = Release|Any CPU
		{58FF08E6-B494-467E-9D08-DBAD23468EDA}.Debug|Any CPU.ActiveCfg = Debug|Any CPU
		{58FF08E6-B494-467E-9D08-DBAD23468EDA}.Debug|Any CPU.Build.0 = Debug|Any CPU
		{58FF08E6-B494-467E-9D08-DBAD23468EDA}.Release|Any CPU.ActiveCfg = Release|Any CPU
		{58FF08E6-B494-467E-9D08-DBAD23468EDA}.Release|Any CPU.Build.0 = Release|Any CPU
	EndGlobalSection
	GlobalSection(SolutionProperties) = preSolution
		HideSolutionNode = FALSE
	EndGlobalSection
	GlobalSection(ExtensibilityGlobals) = postSolution
		SolutionGuid = {EE38CCE9-0A9B-4A95-AF7B-5FA6283AADDE}
	EndGlobalSection
EndGlobal
